// !$*UTF8*$!
{
	archiveVersion = 1;
	classes = {
	};
	objectVersion = 56;
	objects = {

/* Begin PBXBuildFile section */
		2DE1FE652A9FB6760042B0CA /* AppDelegate.swift in Sources */ = {isa = PBXBuildFile; fileRef = 2DE1FE642A9FB6760042B0CA /* AppDelegate.swift */; };
		2DE1FE672A9FB6760042B0CA /* SceneDelegate.swift in Sources */ = {isa = PBXBuildFile; fileRef = 2DE1FE662A9FB6760042B0CA /* SceneDelegate.swift */; };
		2DE1FE6E2A9FB6780042B0CA /* Assets.xcassets in Resources */ = {isa = PBXBuildFile; fileRef = 2DE1FE6D2A9FB6780042B0CA /* Assets.xcassets */; };
		2DE1FE712A9FB6780042B0CA /* LaunchScreen.storyboard in Resources */ = {isa = PBXBuildFile; fileRef = 2DE1FE6F2A9FB6780042B0CA /* LaunchScreen.storyboard */; };
		2DE1FE7E2A9FBE880042B0CA /* HomeViewController.swift in Sources */ = {isa = PBXBuildFile; fileRef = 2DE1FE7D2A9FBE880042B0CA /* HomeViewController.swift */; };
		2DE1FE812A9FC75B0042B0CA /* PokemonListViewController.swift in Sources */ = {isa = PBXBuildFile; fileRef = 2DE1FE802A9FC75B0042B0CA /* PokemonListViewController.swift */; };
		2DE1FE852A9FC76E0042B0CA /* PokemonListViewModel.swift in Sources */ = {isa = PBXBuildFile; fileRef = 2DE1FE842A9FC76E0042B0CA /* PokemonListViewModel.swift */; };
		2DE1FE872A9FCAB50042B0CA /* PokemonListView.swift in Sources */ = {isa = PBXBuildFile; fileRef = 2DE1FE862A9FCAB50042B0CA /* PokemonListView.swift */; };
		2DE1FE8B2A9FDBEB0042B0CA /* Endpoint.swift in Sources */ = {isa = PBXBuildFile; fileRef = 2DE1FE8A2A9FDBEB0042B0CA /* Endpoint.swift */; };
		2DE1FE8D2A9FDCA60042B0CA /* Request.swift in Sources */ = {isa = PBXBuildFile; fileRef = 2DE1FE8C2A9FDCA60042B0CA /* Request.swift */; };
		2DE1FE8F2A9FE69C0042B0CA /* RequestMethod.swift in Sources */ = {isa = PBXBuildFile; fileRef = 2DE1FE8E2A9FE69C0042B0CA /* RequestMethod.swift */; };
		2DE1FE912A9FEA6D0042B0CA /* NetworkManager.swift in Sources */ = {isa = PBXBuildFile; fileRef = 2DE1FE902A9FEA6D0042B0CA /* NetworkManager.swift */; };
		2DE1FE942A9FED3A0042B0CA /* PokemonService.swift in Sources */ = {isa = PBXBuildFile; fileRef = 2DE1FE932A9FED3A0042B0CA /* PokemonService.swift */; };
		2DE1FE982A9FEE660042B0CA /* PokemonListItem.swift in Sources */ = {isa = PBXBuildFile; fileRef = 2DE1FE972A9FEE660042B0CA /* PokemonListItem.swift */; };
		2DE1FE9A2A9FEF290042B0CA /* PokemonListResponse.swift in Sources */ = {isa = PBXBuildFile; fileRef = 2DE1FE992A9FEF290042B0CA /* PokemonListResponse.swift */; };
		2DE1FE9F2AA2996D0042B0CA /* PokemonCollectionViewCell.swift in Sources */ = {isa = PBXBuildFile; fileRef = 2DE1FE9E2AA2996D0042B0CA /* PokemonCollectionViewCell.swift */; };
		2DE1FEA12AA299C50042B0CA /* PokemonCollectionViewCellViewModel.swift in Sources */ = {isa = PBXBuildFile; fileRef = 2DE1FEA02AA299C50042B0CA /* PokemonCollectionViewCellViewModel.swift */; };
		2DE1FEA42AA2C42E0042B0CA /* LoadingCollectionReusableView.swift in Sources */ = {isa = PBXBuildFile; fileRef = 2DE1FEA32AA2C42E0042B0CA /* LoadingCollectionReusableView.swift */; };
/* End PBXBuildFile section */

/* Begin PBXFileReference section */
		2DE1FE612A9FB6760042B0CA /* PokeApp.app */ = {isa = PBXFileReference; explicitFileType = wrapper.application; includeInIndex = 0; path = PokeApp.app; sourceTree = BUILT_PRODUCTS_DIR; };
		2DE1FE642A9FB6760042B0CA /* AppDelegate.swift */ = {isa = PBXFileReference; lastKnownFileType = sourcecode.swift; path = AppDelegate.swift; sourceTree = "<group>"; };
		2DE1FE662A9FB6760042B0CA /* SceneDelegate.swift */ = {isa = PBXFileReference; lastKnownFileType = sourcecode.swift; path = SceneDelegate.swift; sourceTree = "<group>"; };
		2DE1FE6D2A9FB6780042B0CA /* Assets.xcassets */ = {isa = PBXFileReference; lastKnownFileType = folder.assetcatalog; path = Assets.xcassets; sourceTree = "<group>"; };
		2DE1FE702A9FB6780042B0CA /* Base */ = {isa = PBXFileReference; lastKnownFileType = file.storyboard; name = Base; path = Base.lproj/LaunchScreen.storyboard; sourceTree = "<group>"; };
		2DE1FE722A9FB6780042B0CA /* Info.plist */ = {isa = PBXFileReference; lastKnownFileType = text.plist.xml; path = Info.plist; sourceTree = "<group>"; };
		2DE1FE7D2A9FBE880042B0CA /* HomeViewController.swift */ = {isa = PBXFileReference; lastKnownFileType = sourcecode.swift; path = HomeViewController.swift; sourceTree = "<group>"; };
		2DE1FE802A9FC75B0042B0CA /* PokemonListViewController.swift */ = {isa = PBXFileReference; lastKnownFileType = sourcecode.swift; path = PokemonListViewController.swift; sourceTree = "<group>"; };
		2DE1FE842A9FC76E0042B0CA /* PokemonListViewModel.swift */ = {isa = PBXFileReference; lastKnownFileType = sourcecode.swift; path = PokemonListViewModel.swift; sourceTree = "<group>"; };
		2DE1FE862A9FCAB50042B0CA /* PokemonListView.swift */ = {isa = PBXFileReference; lastKnownFileType = sourcecode.swift; path = PokemonListView.swift; sourceTree = "<group>"; };
		2DE1FE8A2A9FDBEB0042B0CA /* Endpoint.swift */ = {isa = PBXFileReference; lastKnownFileType = sourcecode.swift; path = Endpoint.swift; sourceTree = "<group>"; };
		2DE1FE8C2A9FDCA60042B0CA /* Request.swift */ = {isa = PBXFileReference; lastKnownFileType = sourcecode.swift; path = Request.swift; sourceTree = "<group>"; };
		2DE1FE8E2A9FE69C0042B0CA /* RequestMethod.swift */ = {isa = PBXFileReference; lastKnownFileType = sourcecode.swift; path = RequestMethod.swift; sourceTree = "<group>"; };
		2DE1FE902A9FEA6D0042B0CA /* NetworkManager.swift */ = {isa = PBXFileReference; lastKnownFileType = sourcecode.swift; path = NetworkManager.swift; sourceTree = "<group>"; };
		2DE1FE932A9FED3A0042B0CA /* PokemonService.swift */ = {isa = PBXFileReference; lastKnownFileType = sourcecode.swift; path = PokemonService.swift; sourceTree = "<group>"; };
		2DE1FE972A9FEE660042B0CA /* PokemonListItem.swift */ = {isa = PBXFileReference; lastKnownFileType = sourcecode.swift; path = PokemonListItem.swift; sourceTree = "<group>"; };
		2DE1FE992A9FEF290042B0CA /* PokemonListResponse.swift */ = {isa = PBXFileReference; lastKnownFileType = sourcecode.swift; path = PokemonListResponse.swift; sourceTree = "<group>"; };
		2DE1FE9E2AA2996D0042B0CA /* PokemonCollectionViewCell.swift */ = {isa = PBXFileReference; lastKnownFileType = sourcecode.swift; path = PokemonCollectionViewCell.swift; sourceTree = "<group>"; };
		2DE1FEA02AA299C50042B0CA /* PokemonCollectionViewCellViewModel.swift */ = {isa = PBXFileReference; lastKnownFileType = sourcecode.swift; path = PokemonCollectionViewCellViewModel.swift; sourceTree = "<group>"; };
		2DE1FEA32AA2C42E0042B0CA /* LoadingCollectionReusableView.swift */ = {isa = PBXFileReference; lastKnownFileType = sourcecode.swift; path = LoadingCollectionReusableView.swift; sourceTree = "<group>"; };
/* End PBXFileReference section */

/* Begin PBXFrameworksBuildPhase section */
		2DE1FE5E2A9FB6760042B0CA /* Frameworks */ = {
			isa = PBXFrameworksBuildPhase;
			buildActionMask = 2147483647;
			files = (
			);
			runOnlyForDeploymentPostprocessing = 0;
		};
/* End PBXFrameworksBuildPhase section */

/* Begin PBXGroup section */
		2DE1FE582A9FB6760042B0CA = {
			isa = PBXGroup;
			children = (
				2DE1FE632A9FB6760042B0CA /* PokeApp */,
				2DE1FE622A9FB6760042B0CA /* Products */,
			);
			sourceTree = "<group>";
		};
		2DE1FE622A9FB6760042B0CA /* Products */ = {
			isa = PBXGroup;
			children = (
				2DE1FE612A9FB6760042B0CA /* PokeApp.app */,
			);
			name = Products;
			sourceTree = "<group>";
		};
		2DE1FE632A9FB6760042B0CA /* PokeApp */ = {
			isa = PBXGroup;
			children = (
				2DE1FE922A9FED2F0042B0CA /* Services */,
				2DE1FE7C2A9FBE490042B0CA /* Resources */,
				2DE1FE7B2A9FBE360042B0CA /* Models */,
				2DE1FE7A2A9FBE2D0042B0CA /* Networking */,
				2DE1FE792A9FBE160042B0CA /* Components */,
				2DE1FE782A9FBE070042B0CA /* Home */,
				2DE1FE722A9FB6780042B0CA /* Info.plist */,
			);
			path = PokeApp;
			sourceTree = "<group>";
		};
		2DE1FE782A9FBE070042B0CA /* Home */ = {
			isa = PBXGroup;
			children = (
				2DE1FE7D2A9FBE880042B0CA /* HomeViewController.swift */,
			);
			path = Home;
			sourceTree = "<group>";
		};
		2DE1FE792A9FBE160042B0CA /* Components */ = {
			isa = PBXGroup;
			children = (
				2DE1FEA22AA2C3D00042B0CA /* LodingCollectionReusableView */,
				2DE1FE9B2AA2992A0042B0CA /* PokemonCollectionViewCell */,
				2DE1FE7F2A9FC3090042B0CA /* PokemonList */,
			);
			path = Components;
			sourceTree = "<group>";
		};
		2DE1FE7A2A9FBE2D0042B0CA /* Networking */ = {
			isa = PBXGroup;
			children = (
				2DE1FE8A2A9FDBEB0042B0CA /* Endpoint.swift */,
				2DE1FE8C2A9FDCA60042B0CA /* Request.swift */,
				2DE1FE8E2A9FE69C0042B0CA /* RequestMethod.swift */,
				2DE1FE902A9FEA6D0042B0CA /* NetworkManager.swift */,
			);
			path = Networking;
			sourceTree = "<group>";
		};
		2DE1FE7B2A9FBE360042B0CA /* Models */ = {
			isa = PBXGroup;
			children = (
				2DE1FE972A9FEE660042B0CA /* PokemonListItem.swift */,
				2DE1FE992A9FEF290042B0CA /* PokemonListResponse.swift */,
			);
			path = Models;
			sourceTree = "<group>";
		};
		2DE1FE7C2A9FBE490042B0CA /* Resources */ = {
			isa = PBXGroup;
			children = (
				2DE1FE642A9FB6760042B0CA /* AppDelegate.swift */,
				2DE1FE662A9FB6760042B0CA /* SceneDelegate.swift */,
				2DE1FE6D2A9FB6780042B0CA /* Assets.xcassets */,
				2DE1FE6F2A9FB6780042B0CA /* LaunchScreen.storyboard */,
			);
			path = Resources;
			sourceTree = "<group>";
		};
		2DE1FE7F2A9FC3090042B0CA /* PokemonList */ = {
			isa = PBXGroup;
			children = (
				2DE1FE802A9FC75B0042B0CA /* PokemonListViewController.swift */,
				2DE1FE842A9FC76E0042B0CA /* PokemonListViewModel.swift */,
				2DE1FE862A9FCAB50042B0CA /* PokemonListView.swift */,
			);
			path = PokemonList;
			sourceTree = "<group>";
		};
		2DE1FE922A9FED2F0042B0CA /* Services */ = {
			isa = PBXGroup;
			children = (
				2DE1FE932A9FED3A0042B0CA /* PokemonService.swift */,
			);
			path = Services;
			sourceTree = "<group>";
		};
		2DE1FE9B2AA2992A0042B0CA /* PokemonCollectionViewCell */ = {
			isa = PBXGroup;
			children = (
				2DE1FE9E2AA2996D0042B0CA /* PokemonCollectionViewCell.swift */,
				2DE1FEA02AA299C50042B0CA /* PokemonCollectionViewCellViewModel.swift */,
			);
			path = PokemonCollectionViewCell;
			sourceTree = "<group>";
		};
		2DE1FEA22AA2C3D00042B0CA /* LodingCollectionReusableView */ = {
			isa = PBXGroup;
			children = (
				2DE1FEA32AA2C42E0042B0CA /* LoadingCollectionReusableView.swift */,
			);
			path = LodingCollectionReusableView;
			sourceTree = "<group>";
		};
/* End PBXGroup section */

/* Begin PBXNativeTarget section */
		2DE1FE602A9FB6760042B0CA /* PokeApp */ = {
			isa = PBXNativeTarget;
			buildConfigurationList = 2DE1FE752A9FB6780042B0CA /* Build configuration list for PBXNativeTarget "PokeApp" */;
			buildPhases = (
				2DE1FE5D2A9FB6760042B0CA /* Sources */,
				2DE1FE5E2A9FB6760042B0CA /* Frameworks */,
				2DE1FE5F2A9FB6760042B0CA /* Resources */,
			);
			buildRules = (
			);
			dependencies = (
			);
			name = PokeApp;
			productName = PokeApp;
			productReference = 2DE1FE612A9FB6760042B0CA /* PokeApp.app */;
			productType = "com.apple.product-type.application";
		};
/* End PBXNativeTarget section */

/* Begin PBXProject section */
		2DE1FE592A9FB6760042B0CA /* Project object */ = {
			isa = PBXProject;
			attributes = {
				BuildIndependentTargetsInParallel = 1;
				LastSwiftUpdateCheck = 1430;
				LastUpgradeCheck = 1430;
				TargetAttributes = {
					2DE1FE602A9FB6760042B0CA = {
						CreatedOnToolsVersion = 14.3.1;
					};
				};
			};
			buildConfigurationList = 2DE1FE5C2A9FB6760042B0CA /* Build configuration list for PBXProject "PokeApp" */;
			compatibilityVersion = "Xcode 14.0";
			developmentRegion = en;
			hasScannedForEncodings = 0;
			knownRegions = (
				en,
				Base,
			);
			mainGroup = 2DE1FE582A9FB6760042B0CA;
			productRefGroup = 2DE1FE622A9FB6760042B0CA /* Products */;
			projectDirPath = "";
			projectRoot = "";
			targets = (
				2DE1FE602A9FB6760042B0CA /* PokeApp */,
			);
		};
/* End PBXProject section */

/* Begin PBXResourcesBuildPhase section */
		2DE1FE5F2A9FB6760042B0CA /* Resources */ = {
			isa = PBXResourcesBuildPhase;
			buildActionMask = 2147483647;
			files = (
				2DE1FE712A9FB6780042B0CA /* LaunchScreen.storyboard in Resources */,
				2DE1FE6E2A9FB6780042B0CA /* Assets.xcassets in Resources */,
			);
			runOnlyForDeploymentPostprocessing = 0;
		};
/* End PBXResourcesBuildPhase section */

/* Begin PBXSourcesBuildPhase section */
		2DE1FE5D2A9FB6760042B0CA /* Sources */ = {
			isa = PBXSourcesBuildPhase;
			buildActionMask = 2147483647;
			files = (
				2DE1FE982A9FEE660042B0CA /* PokemonListItem.swift in Sources */,
				2DE1FE942A9FED3A0042B0CA /* PokemonService.swift in Sources */,
				2DE1FE8B2A9FDBEB0042B0CA /* Endpoint.swift in Sources */,
				2DE1FE8D2A9FDCA60042B0CA /* Request.swift in Sources */,
				2DE1FEA12AA299C50042B0CA /* PokemonCollectionViewCellViewModel.swift in Sources */,
				2DE1FE912A9FEA6D0042B0CA /* NetworkManager.swift in Sources */,
				2DE1FEA42AA2C42E0042B0CA /* LoadingCollectionReusableView.swift in Sources */,
				2DE1FE652A9FB6760042B0CA /* AppDelegate.swift in Sources */,
				2DE1FE672A9FB6760042B0CA /* SceneDelegate.swift in Sources */,
				2DE1FE9A2A9FEF290042B0CA /* PokemonListResponse.swift in Sources */,
				2DE1FE812A9FC75B0042B0CA /* PokemonListViewController.swift in Sources */,
				2DE1FE852A9FC76E0042B0CA /* PokemonListViewModel.swift in Sources */,
				2DE1FE872A9FCAB50042B0CA /* PokemonListView.swift in Sources */,
				2DE1FE8F2A9FE69C0042B0CA /* RequestMethod.swift in Sources */,
				2DE1FE9F2AA2996D0042B0CA /* PokemonCollectionViewCell.swift in Sources */,
				2DE1FE7E2A9FBE880042B0CA /* HomeViewController.swift in Sources */,
			);
			runOnlyForDeploymentPostprocessing = 0;
		};
/* End PBXSourcesBuildPhase section */

/* Begin PBXVariantGroup section */
		2DE1FE6F2A9FB6780042B0CA /* LaunchScreen.storyboard */ = {
			isa = PBXVariantGroup;
			children = (
				2DE1FE702A9FB6780042B0CA /* Base */,
			);
			name = LaunchScreen.storyboard;
			sourceTree = "<group>";
		};
/* End PBXVariantGroup section */

/* Begin XCBuildConfiguration section */
		2DE1FE732A9FB6780042B0CA /* Debug */ = {
			isa = XCBuildConfiguration;
			buildSettings = {
				ALWAYS_SEARCH_USER_PATHS = NO;
				CLANG_ANALYZER_NONNULL = YES;
				CLANG_ANALYZER_NUMBER_OBJECT_CONVERSION = YES_AGGRESSIVE;
				CLANG_CXX_LANGUAGE_STANDARD = "gnu++20";
				CLANG_ENABLE_MODULES = YES;
				CLANG_ENABLE_OBJC_ARC = YES;
				CLANG_ENABLE_OBJC_WEAK = YES;
				CLANG_WARN_BLOCK_CAPTURE_AUTORELEASING = YES;
				CLANG_WARN_BOOL_CONVERSION = YES;
				CLANG_WARN_COMMA = YES;
				CLANG_WARN_CONSTANT_CONVERSION = YES;
				CLANG_WARN_DEPRECATED_OBJC_IMPLEMENTATIONS = YES;
				CLANG_WARN_DIRECT_OBJC_ISA_USAGE = YES_ERROR;
				CLANG_WARN_DOCUMENTATION_COMMENTS = YES;
				CLANG_WARN_EMPTY_BODY = YES;
				CLANG_WARN_ENUM_CONVERSION = YES;
				CLANG_WARN_INFINITE_RECURSION = YES;
				CLANG_WARN_INT_CONVERSION = YES;
				CLANG_WARN_NON_LITERAL_NULL_CONVERSION = YES;
				CLANG_WARN_OBJC_IMPLICIT_RETAIN_SELF = YES;
				CLANG_WARN_OBJC_LITERAL_CONVERSION = YES;
				CLANG_WARN_OBJC_ROOT_CLASS = YES_ERROR;
				CLANG_WARN_QUOTED_INCLUDE_IN_FRAMEWORK_HEADER = YES;
				CLANG_WARN_RANGE_LOOP_ANALYSIS = YES;
				CLANG_WARN_STRICT_PROTOTYPES = YES;
				CLANG_WARN_SUSPICIOUS_MOVE = YES;
				CLANG_WARN_UNGUARDED_AVAILABILITY = YES_AGGRESSIVE;
				CLANG_WARN_UNREACHABLE_CODE = YES;
				CLANG_WARN__DUPLICATE_METHOD_MATCH = YES;
				COPY_PHASE_STRIP = NO;
				DEBUG_INFORMATION_FORMAT = dwarf;
				ENABLE_STRICT_OBJC_MSGSEND = YES;
				ENABLE_TESTABILITY = YES;
				GCC_C_LANGUAGE_STANDARD = gnu11;
				GCC_DYNAMIC_NO_PIC = NO;
				GCC_NO_COMMON_BLOCKS = YES;
				GCC_OPTIMIZATION_LEVEL = 0;
				GCC_PREPROCESSOR_DEFINITIONS = (
					"DEBUG=1",
					"$(inherited)",
				);
				GCC_WARN_64_TO_32_BIT_CONVERSION = YES;
				GCC_WARN_ABOUT_RETURN_TYPE = YES_ERROR;
				GCC_WARN_UNDECLARED_SELECTOR = YES;
				GCC_WARN_UNINITIALIZED_AUTOS = YES_AGGRESSIVE;
				GCC_WARN_UNUSED_FUNCTION = YES;
				GCC_WARN_UNUSED_VARIABLE = YES;
				IPHONEOS_DEPLOYMENT_TARGET = 16.4;
				MTL_ENABLE_DEBUG_INFO = INCLUDE_SOURCE;
				MTL_FAST_MATH = YES;
				ONLY_ACTIVE_ARCH = YES;
				SDKROOT = iphoneos;
				SWIFT_ACTIVE_COMPILATION_CONDITIONS = DEBUG;
				SWIFT_OPTIMIZATION_LEVEL = "-Onone";
			};
			name = Debug;
		};
		2DE1FE742A9FB6780042B0CA /* Release */ = {
			isa = XCBuildConfiguration;
			buildSettings = {
				ALWAYS_SEARCH_USER_PATHS = NO;
				CLANG_ANALYZER_NONNULL = YES;
				CLANG_ANALYZER_NUMBER_OBJECT_CONVERSION = YES_AGGRESSIVE;
				CLANG_CXX_LANGUAGE_STANDARD = "gnu++20";
				CLANG_ENABLE_MODULES = YES;
				CLANG_ENABLE_OBJC_ARC = YES;
				CLANG_ENABLE_OBJC_WEAK = YES;
				CLANG_WARN_BLOCK_CAPTURE_AUTORELEASING = YES;
				CLANG_WARN_BOOL_CONVERSION = YES;
				CLANG_WARN_COMMA = YES;
				CLANG_WARN_CONSTANT_CONVERSION = YES;
				CLANG_WARN_DEPRECATED_OBJC_IMPLEMENTATIONS = YES;
				CLANG_WARN_DIRECT_OBJC_ISA_USAGE = YES_ERROR;
				CLANG_WARN_DOCUMENTATION_COMMENTS = YES;
				CLANG_WARN_EMPTY_BODY = YES;
				CLANG_WARN_ENUM_CONVERSION = YES;
				CLANG_WARN_INFINITE_RECURSION = YES;
				CLANG_WARN_INT_CONVERSION = YES;
				CLANG_WARN_NON_LITERAL_NULL_CONVERSION = YES;
				CLANG_WARN_OBJC_IMPLICIT_RETAIN_SELF = YES;
				CLANG_WARN_OBJC_LITERAL_CONVERSION = YES;
				CLANG_WARN_OBJC_ROOT_CLASS = YES_ERROR;
				CLANG_WARN_QUOTED_INCLUDE_IN_FRAMEWORK_HEADER = YES;
				CLANG_WARN_RANGE_LOOP_ANALYSIS = YES;
				CLANG_WARN_STRICT_PROTOTYPES = YES;
				CLANG_WARN_SUSPICIOUS_MOVE = YES;
				CLANG_WARN_UNGUARDED_AVAILABILITY = YES_AGGRESSIVE;
				CLANG_WARN_UNREACHABLE_CODE = YES;
				CLANG_WARN__DUPLICATE_METHOD_MATCH = YES;
				COPY_PHASE_STRIP = NO;
				DEBUG_INFORMATION_FORMAT = "dwarf-with-dsym";
				ENABLE_NS_ASSERTIONS = NO;
				ENABLE_STRICT_OBJC_MSGSEND = YES;
				GCC_C_LANGUAGE_STANDARD = gnu11;
				GCC_NO_COMMON_BLOCKS = YES;
				GCC_WARN_64_TO_32_BIT_CONVERSION = YES;
				GCC_WARN_ABOUT_RETURN_TYPE = YES_ERROR;
				GCC_WARN_UNDECLARED_SELECTOR = YES;
				GCC_WARN_UNINITIALIZED_AUTOS = YES_AGGRESSIVE;
				GCC_WARN_UNUSED_FUNCTION = YES;
				GCC_WARN_UNUSED_VARIABLE = YES;
				IPHONEOS_DEPLOYMENT_TARGET = 16.4;
				MTL_ENABLE_DEBUG_INFO = NO;
				MTL_FAST_MATH = YES;
				SDKROOT = iphoneos;
				SWIFT_COMPILATION_MODE = wholemodule;
				SWIFT_OPTIMIZATION_LEVEL = "-O";
				VALIDATE_PRODUCT = YES;
			};
			name = Release;
		};
		2DE1FE762A9FB6780042B0CA /* Debug */ = {
			isa = XCBuildConfiguration;
			buildSettings = {
				ASSETCATALOG_COMPILER_APPICON_NAME = AppIcon;
				ASSETCATALOG_COMPILER_GLOBAL_ACCENT_COLOR_NAME = AccentColor;
				CODE_SIGN_STYLE = Automatic;
				CURRENT_PROJECT_VERSION = 1;
				DEVELOPMENT_TEAM = G5H5524H6J;
				GENERATE_INFOPLIST_FILE = YES;
				INFOPLIST_FILE = PokeApp/Info.plist;
				INFOPLIST_KEY_UIApplicationSupportsIndirectInputEvents = YES;
				INFOPLIST_KEY_UILaunchStoryboardName = LaunchScreen;
				INFOPLIST_KEY_UISupportedInterfaceOrientations_iPad = "UIInterfaceOrientationPortrait UIInterfaceOrientationPortraitUpsideDown UIInterfaceOrientationLandscapeLeft UIInterfaceOrientationLandscapeRight";
				INFOPLIST_KEY_UISupportedInterfaceOrientations_iPhone = "UIInterfaceOrientationPortrait UIInterfaceOrientationLandscapeLeft UIInterfaceOrientationLandscapeRight";
				LD_RUNPATH_SEARCH_PATHS = (
					"$(inherited)",
					"@executable_path/Frameworks",
				);
				MARKETING_VERSION = 1.0;
				PRODUCT_BUNDLE_IDENTIFIER = com.juanca.PokeApp;
				PRODUCT_NAME = "$(TARGET_NAME)";
				SWIFT_EMIT_LOC_STRINGS = YES;
				SWIFT_VERSION = 5.0;
				TARGETED_DEVICE_FAMILY = "1,2";
			};
			name = Debug;
		};
		2DE1FE772A9FB6780042B0CA /* Release */ = {
			isa = XCBuildConfiguration;
			buildSettings = {
				ASSETCATALOG_COMPILER_APPICON_NAME = AppIcon;
				ASSETCATALOG_COMPILER_GLOBAL_ACCENT_COLOR_NAME = AccentColor;
				CODE_SIGN_STYLE = Automatic;
				CURRENT_PROJECT_VERSION = 1;
				DEVELOPMENT_TEAM = G5H5524H6J;
				GENERATE_INFOPLIST_FILE = YES;
				INFOPLIST_FILE = PokeApp/Info.plist;
				INFOPLIST_KEY_UIApplicationSupportsIndirectInputEvents = YES;
				INFOPLIST_KEY_UILaunchStoryboardName = LaunchScreen;
				INFOPLIST_KEY_UISupportedInterfaceOrientations_iPad = "UIInterfaceOrientationPortrait UIInterfaceOrientationPortraitUpsideDown UIInterfaceOrientationLandscapeLeft UIInterfaceOrientationLandscapeRight";
				INFOPLIST_KEY_UISupportedInterfaceOrientations_iPhone = "UIInterfaceOrientationPortrait UIInterfaceOrientationLandscapeLeft UIInterfaceOrientationLandscapeRight";
				LD_RUNPATH_SEARCH_PATHS = (
					"$(inherited)",
					"@executable_path/Frameworks",
				);
				MARKETING_VERSION = 1.0;
				PRODUCT_BUNDLE_IDENTIFIER = com.juanca.PokeApp;
				PRODUCT_NAME = "$(TARGET_NAME)";
				SWIFT_EMIT_LOC_STRINGS = YES;
				SWIFT_VERSION = 5.0;
				TARGETED_DEVICE_FAMILY = "1,2";
			};
			name = Release;
		};
/* End XCBuildConfiguration section */

/* Begin XCConfigurationList section */
		2DE1FE5C2A9FB6760042B0CA /* Build configuration list for PBXProject "PokeApp" */ = {
			isa = XCConfigurationList;
			buildConfigurations = (
				2DE1FE732A9FB6780042B0CA /* Debug */,
				2DE1FE742A9FB6780042B0CA /* Release */,
			);
			defaultConfigurationIsVisible = 0;
			defaultConfigurationName = Release;
		};
		2DE1FE752A9FB6780042B0CA /* Build configuration list for PBXNativeTarget "PokeApp" */ = {
			isa = XCConfigurationList;
			buildConfigurations = (
				2DE1FE762A9FB6780042B0CA /* Debug */,
				2DE1FE772A9FB6780042B0CA /* Release */,
			);
			defaultConfigurationIsVisible = 0;
			defaultConfigurationName = Release;
		};
/* End XCConfigurationList section */
	};
	rootObject = 2DE1FE592A9FB6760042B0CA /* Project object */;
}
